# This file was autogenerated by Stack.
# You should not edit this file by hand.
# For more information, please see the documentation at:
#   https://docs.haskellstack.org/en/stable/lock_files

packages:
- completed:
    cabal-file:
      size: 1945
      sha256: cd005a9231152c94d1443d158d97314ab2948ebdc836acf269cb89c8c7d5a5f1
    name: api-rpc-factom
    version: 0.1.3.2
    git: git@github.com:kompendium-llc/api-rpc-factom
    pantry-tree:
      size: 785
      sha256: 7293225b5069de7410b4ce0cb4f7c33f94a51207c63aed8a872ccd74847a3da5
    commit: d5cb7930ccefea5717bb13e9834c4af6a24f7be8
  original:
    git: git@github.com:kompendium-llc/api-rpc-factom
    commit: d5cb7930ccefea5717bb13e9834c4af6a24f7be8
snapshots:
- completed:
    size: 523884
    url: https://raw.githubusercontent.com/commercialhaskell/stackage-snapshots/master/lts/14/4.yaml
    sha256: 16f24be248b42c9e16d59db84378836b1e7c239448a041cae46d32daffa45a8b
  original: lts-14.4
